[root]
name = "primesieve"
version = "0.1.0"
dependencies = [
 "crossbeam 0.2.8 (registry+https://github.com/rust-lang/crates.io-index)",
 "scoped-pool 0.1.8 (registry+https://github.com/rust-lang/crates.io-index)",
]

[[package]]
name = "crossbeam"
version = "0.2.8"
source = "registry+https://github.com/rust-lang/crates.io-index"

[[package]]
name = "scoped-pool"
version = "0.1.8"
source = "registry+https://github.com/rust-lang/crates.io-index"
dependencies = [
 "crossbeam 0.2.8 (registry+https://github.com/rust-lang/crates.io-index)",
 "scopeguard 0.1.2 (registry+https://github.com/rust-lang/crates.io-index)",
 "variance 0.1.3 (registry+https://github.com/rust-lang/crates.io-index)",
]

[[package]]
name = "scopeguard"
version = "0.1.2"
source = "registry+https://github.com/rust-lang/crates.io-index"

[[package]]
name = "variance"
version = "0.1.3"
source = "registry+https://github.com/rust-lang/crates.io-index"

